// !$*UTF8*$!
{
	archiveVersion = 1;
	classes = {
	};
	objectVersion = 46;
	objects = {

/* Begin PBXBuildFile section */
		09BD32191C31433700434E70 /* AppDelegate.swift in Sources */ = {isa = PBXBuildFile; fileRef = 09BD32181C31433700434E70 /* AppDelegate.swift */; };
		09BD321B1C31433700434E70 /* ViewController.swift in Sources */ = {isa = PBXBuildFile; fileRef = 09BD321A1C31433700434E70 /* ViewController.swift */; };
		09BD321E1C31433700434E70 /* Main.storyboard in Resources */ = {isa = PBXBuildFile; fileRef = 09BD321C1C31433700434E70 /* Main.storyboard */; };
		09BD32201C31433700434E70 /* Assets.xcassets in Resources */ = {isa = PBXBuildFile; fileRef = 09BD321F1C31433700434E70 /* Assets.xcassets */; };
		09BD32231C31433700434E70 /* LaunchScreen.storyboard in Resources */ = {isa = PBXBuildFile; fileRef = 09BD32211C31433700434E70 /* LaunchScreen.storyboard */; };
/* End PBXBuildFile section */

/* Begin PBXFileReference section */
		09BD32151C31433700434E70 /* GitHelloWorld.app */ = {isa = PBXFileReference; explicitFileType = wrapper.application; includeInIndex = 0; path = GitHelloWorld.app; sourceTree = BUILT_PRODUCTS_DIR; };
		09BD32181C31433700434E70 /* AppDelegate.swift */ = {isa = PBXFileReference; lastKnownFileType = sourcecode.swift; path = AppDelegate.swift; sourceTree = "<group>"; };
		09BD321A1C31433700434E70 /* ViewController.swift */ = {isa = PBXFileReference; lastKnownFileType = sourcecode.swift; path = ViewController.swift; sourceTree = "<group>"; };
		09BD321D1C31433700434E70 /* Base */ = {isa = PBXFileReference; lastKnownFileType = file.storyboard; name = Base; path = Base.lproj/Main.storyboard; sourceTree = "<group>"; };
		09BD321F1C31433700434E70 /* Assets.xcassets */ = {isa = PBXFileReference; lastKnownFileType = folder.assetcatalog; path = Assets.xcassets; sourceTree = "<group>"; };
		09BD32221C31433700434E70 /* Base */ = {isa = PBXFileReference; lastKnownFileType = file.storyboard; name = Base; path = Base.lproj/LaunchScreen.storyboard; sourceTree = "<group>"; };
		09BD32241C31433700434E70 /* Info.plist */ = {isa = PBXFileReference; lastKnownFileType = text.plist.xml; path = Info.plist; sourceTree = "<group>"; };
/* End PBXFileReference section */

/* Begin PBXFrameworksBuildPhase section */
		09BD32121C31433700434E70 /* Frameworks */ = {
			isa = PBXFrameworksBuildPhase;
			buildActionMask = 2147483647;
			files = (
			);
			runOnlyForDeploymentPostprocessing = 0;
		};
/* End PBXFrameworksBuildPhase section */

/* Begin PBXGroup section */
		09BD320C1C31433700434E70 = {
			isa = PBXGroup;
			children = (
				09BD32171C31433700434E70 /* GitHelloWorld */,
				09BD32161C31433700434E70 /* Products */,
			);
			sourceTree = "<group>";
		};
		09BD32161C31433700434E70 /* Products */ = {
			isa = PBXGroup;
			children = (
				09BD32151C31433700434E70 /* GitHelloWorld.app */,
			);
			name = Products;
			sourceTree = "<group>";
		};
		09BD32171C31433700434E70 /* GitHelloWorld */ = {
			isa = PBXGroup;
			children = (
				09BD32181C31433700434E70 /* AppDelegate.swift */,
				09BD321A1C31433700434E70 /* ViewController.swift */,
				09BD321C1C31433700434E70 /* Main.storyboard */,
				09BD321F1C31433700434E70 /* Assets.xcassets */,
				09BD32211C31433700434E70 /* LaunchScreen.storyboard */,
				09BD32241C31433700434E70 /* Info.plist */,
			);
			path = GitHelloWorld;
			sourceTree = "<group>";
		};
/* End PBXGroup section */

/* Begin PBXNativeTarget section */
		09BD32141C31433700434E70 /* GitHelloWorld */ = {
			isa = PBXNativeTarget;
			buildConfigurationList = 09BD32271C31433700434E70 /* Build configuration list for PBXNativeTarget "GitHelloWorld" */;
			buildPhases = (
				09BD32111C31433700434E70 /* Sources */,
				09BD32121C31433700434E70 /* Frameworks */,
				09BD32131C31433700434E70 /* Resources */,
			);
			buildRules = (
			);
			dependencies = (
			);
			name = GitHelloWorld;
			productName = GitHelloWorld;
			productReference = 09BD32151C31433700434E70 /* GitHelloWorld.app */;
			productType = "com.apple.product-type.application";
		};
/* End PBXNativeTarget section */

/* Begin PBXProject section */
		09BD320D1C31433700434E70 /* Project object */ = {
			isa = PBXProject;
			attributes = {
				LastUpgradeCheck = 0700;
				ORGANIZATIONNAME = "IMS Health";
				TargetAttributes = {
					09BD32141C31433700434E70 = {
						CreatedOnToolsVersion = 7.0.1;
					};
				};
			};
			buildConfigurationList = 09BD32101C31433700434E70 /* Build configuration list for PBXProject "GitHelloWorld" */;
			compatibilityVersion = "Xcode 3.2";
			developmentRegion = English;
			hasScannedForEncodings = 0;
			knownRegions = (
				en,
				Base,
			);
			mainGroup = 09BD320C1C31433700434E70;
			productRefGroup = 09BD32161C31433700434E70 /* Products */;
			projectDirPath = "";
			projectRoot = "";
			targets = (
				09BD32141C31433700434E70 /* GitHelloWorld */,
			);
		};
/* End PBXProject section */

/* Begin PBXResourcesBuildPhase section */
		09BD32131C31433700434E70 /* Resources */ = {
			isa = PBXResourcesBuildPhase;
			buildActionMask = 2147483647;
			files = (
				09BD32231C31433700434E70 /* LaunchScreen.storyboard in Resources */,
				09BD32201C31433700434E70 /* Assets.xcassets in Resources */,
				09BD321E1C31433700434E70 /* Main.storyboard in Resources */,
			);
			runOnlyForDeploymentPostprocessing = 0;
		};
/* End PBXResourcesBuildPhase section */

/* Begin PBXSourcesBuildPhase section */
		09BD32111C31433700434E70 /* Sources */ = {
			isa = PBXSourcesBuildPhase;
			buildActionMask = 2147483647;
			files = (
				09BD321B1C31433700434E70 /* ViewController.swift in Sources */,
				09BD32191C31433700434E70 /* AppDelegate.swift in Sources */,
			);
			runOnlyForDeploymentPostprocessing = 0;
		};
/* End PBXSourcesBuildPhase section */

/* Begin PBXVariantGroup section */
		09BD321C1C31433700434E70 /* Main.storyboard */ = {
			isa = PBXVariantGroup;
			children = (
				09BD321D1C31433700434E70 /* Base */,
			);
			name = Main.storyboard;
			sourceTree = "<group>";
		};
		09BD32211C31433700434E70 /* LaunchScreen.storyboard */ = {
			isa = PBXVariantGroup;
			children = (
				09BD32221C31433700434E70 /* Base */,
			);
			name = LaunchScreen.storyboard;
			sourceTree = "<group>";
		};
/* End PBXVariantGroup section */

/* Begin XCBuildConfiguration section */
		09BD32251C31433700434E70 /* Debug */ = {
			isa = XCBuildConfiguration;
			buildSettings = {
				ALWAYS_SEARCH_USER_PATHS = NO;
				CLANG_CXX_LANGUAGE_STANDARD = "gnu++0x";
				CLANG_CXX_LIBRARY = "libc++";
				CLANG_ENABLE_MODULES = YES;
				CLANG_ENABLE_OBJC_ARC = YES;
				CLANG_WARN_BOOL_CONVERSION = YES;
				CLANG_WARN_CONSTANT_CONVERSION = YES;
				CLANG_WARN_DIRECT_OBJC_ISA_USAGE = YES_ERROR;
				CLANG_WARN_EMPTY_BODY = YES;
				CLANG_WARN_ENUM_CONVERSION = YES;
				CLANG_WARN_INT_CONVERSION = YES;
				CLANG_WARN_OBJC_ROOT_CLASS = YES_ERROR;
				CLANG_WARN_UNREACHABLE_CODE = YES;
				CLANG_WARN__DUPLICATE_METHOD_MATCH = YES;
				"CODE_SIGN_IDENTITY[sdk=iphoneos*]" = "iPhone Developer";
				COPY_PHASE_STRIP = NO;
				DEBUG_INFORMATION_FORMAT = dwarf;
				ENABLE_STRICT_OBJC_MSGSEND = YES;
				ENABLE_TESTABILITY = YES;
				GCC_C_LANGUAGE_STANDARD = gnu99;
				GCC_DYNAMIC_NO_PIC = NO;
				GCC_NO_COMMON_BLOCKS = YES;
				GCC_OPTIMIZATION_LEVEL = 0;
				GCC_PREPROCESSOR_DEFINITIONS = (
					"DEBUG=1",
					"$(inherited)",
				);
				GCC_WARN_64_TO_32_BIT_CONVERSION = YES;
				GCC_WARN_ABOUT_RETURN_TYPE = YES_ERROR;
				GCC_WARN_UNDECLARED_SELECTOR = YES;
				GCC_WARN_UNINITIALIZED_AUTOS = YES_AGGRESSIVE;
				GCC_WARN_UNUSED_FUNCTION = YES;
				GCC_WARN_UNUSED_VARIABLE = YES;
				IPHONEOS_DEPLOYMENT_TARGET = 9.0;
				MTL_ENABLE_DEBUG_INFO = YES;
				ONLY_ACTIVE_ARCH = YES;
				SDKROOT = iphoneos;
				SWIFT_OPTIMIZATION_LEVEL = "-Onone";
				TARGETED_DEVICE_FAMILY = "1,2";
			};
			name = Debug;
		};
		09BD32261C31433700434E70 /* Release */ = {
			isa = XCBuildConfiguration;
			buildSettings = {
				ALWAYS_SEARCH_USER_PATHS = NO;
				CLANG_CXX_LANGUAGE_STANDARD = "gnu++0x";
				CLANG_CXX_LIBRARY = "libc++";
				CLANG_ENABLE_MODULES = YES;
				CLANG_ENABLE_OBJC_ARC = YES;
				CLANG_WARN_BOOL_CONVERSION = YES;
				CLANG_WARN_CONSTANT_CONVERSION = YES;
				CLANG_WARN_DIRECT_OBJC_ISA_USAGE = YES_ERROR;
				CLANG_WARN_EMPTY_BODY = YES;
				CLANG_WARN_ENUM_CONVERSION = YES;
				CLANG_WARN_INT_CONVERSION = YES;
				CLANG_WARN_OBJC_ROOT_CLASS = YES_ERROR;
				CLANG_WARN_UNREACHABLE_CODE = YES;
				CLANG_WARN__DUPLICATE_METHOD_MATCH = YES;
				"CODE_SIGN_IDENTITY[sdk=iphoneos*]" = "iPhone Developer";
				COPY_PHASE_STRIP = NO;
				DEBUG_INFORMATION_FORMAT = "dwarf-with-dsym";
				ENABLE_NS_ASSERTIONS = NO;
				ENABLE_STRICT_OBJC_MSGSEND = YES;
				GCC_C_LANGUAGE_STANDARD = gnu99;
				GCC_NO_COMMON_BLOCKS = YES;
				GCC_WARN_64_TO_32_BIT_CONVERSION = YES;
				GCC_WARN_ABOUT_RETURN_TYPE = YES_ERROR;
				GCC_WARN_UNDECLARED_SELECTOR = YES;
				GCC_WARN_UNINITIALIZED_AUTOS = YES_AGGRESSIVE;
				GCC_WARN_UNUSED_FUNCTION = YES;
				GCC_WARN_UNUSED_VARIABLE = YES;
				IPHONEOS_DEPLOYMENT_TARGET = 9.0;
				MTL_ENABLE_DEBUG_INFO = NO;
				SDKROOT = iphoneos;
				TARGETED_DEVICE_FAMILY = "1,2";
				VALIDATE_PRODUCT = YES;
			};
			name = Release;
		};
		09BD32281C31433700434E70 /* Debug */ = {
			isa = XCBuildConfiguration;
			buildSettings = {
				ASSETCATALOG_COMPILER_APPICON_NAME = AppIcon;
				INFOPLIST_FILE = GitHelloWorld/Info.plist;
				LD_RUNPATH_SEARCH_PATHS = "$(inherited) @executable_path/Frameworks";
				PRODUCT_BUNDLE_IDENTIFIER = "IMS-Health.GitHelloWorld";
				PRODUCT_NAME = "$(TARGET_NAME)";
			};
			name = Debug;
		};
		09BD32291C31433700434E70 /* Release */ = {
			isa = XCBuildConfiguration;
			buildSettings = {
				ASSETCATALOG_COMPILER_APPICON_NAME = AppIcon;
				INFOPLIST_FILE = GitHelloWorld/Info.plist;
				LD_RUNPATH_SEARCH_PATHS = "$(inherited) @executable_path/Frameworks";
				PRODUCT_BUNDLE_IDENTIFIER = "IMS-Health.GitHelloWorld";
				PRODUCT_NAME = "$(TARGET_NAME)";
			};
			name = Release;
		};
/* End XCBuildConfiguration section */

/* Begin XCConfigurationList section */
		09BD32101C31433700434E70 /* Build configuration list for PBXProject "GitHelloWorld" */ = {
			isa = XCConfigurationList;
			buildConfigurations = (
				09BD32251C31433700434E70 /* Debug */,
				09BD32261C31433700434E70 /* Release */,
			);
			defaultConfigurationIsVisible = 0;
			defaultConfigurationName = Release;
		};
		09BD32271C31433700434E70 /* Build configuration list for PBXNativeTarget "GitHelloWorld" */ = {
			isa = XCConfigurationList;
			buildConfigurations = (
				09BD32281C31433700434E70 /* Debug */,
				09BD32291C31433700434E70 /* Release */,
			);
			defaultConfigurationIsVisible = 0;
		};
/* End XCConfigurationList section */
	};
	rootObject = 09BD320D1C31433700434E70 /* Project object */;
}
